// !$*UTF8*$!
{
	archiveVersion = 1;
	classes = {
	};
	objectVersion = 46;
	objects = {

/* Begin PBXBuildFile section */
		92BF138E19CCB618009956DC /* AppDelegate.swift in Sources */ = {isa = PBXBuildFile; fileRef = 92BF138D19CCB618009956DC /* AppDelegate.swift */; };
		92BF139019CCB618009956DC /* ViewController.swift in Sources */ = {isa = PBXBuildFile; fileRef = 92BF138F19CCB618009956DC /* ViewController.swift */; };
		92BF139319CCB618009956DC /* Main.storyboard in Resources */ = {isa = PBXBuildFile; fileRef = 92BF139119CCB618009956DC /* Main.storyboard */; };
		92BF139519CCB618009956DC /* Images.xcassets in Resources */ = {isa = PBXBuildFile; fileRef = 92BF139419CCB618009956DC /* Images.xcassets */; };
		92BF139819CCB618009956DC /* LaunchScreen.xib in Resources */ = {isa = PBXBuildFile; fileRef = 92BF139619CCB618009956DC /* LaunchScreen.xib */; };
		92BF13A419CCB618009956DC /* GraphAnimationTests.swift in Sources */ = {isa = PBXBuildFile; fileRef = 92BF13A319CCB618009956DC /* GraphAnimationTests.swift */; };
		92BF13AF19CCB6B6009956DC /* BalanceGraph.swift in Sources */ = {isa = PBXBuildFile; fileRef = 92BF13AE19CCB6B6009956DC /* BalanceGraph.swift */; };
		92CA8C1D19DF17700014EC01 /* TT.swift in Sources */ = {isa = PBXBuildFile; fileRef = 92CA8C1C19DF17700014EC01 /* TT.swift */; };
/* End PBXBuildFile section */

/* Begin PBXContainerItemProxy section */
		92BF139E19CCB618009956DC /* PBXContainerItemProxy */ = {
			isa = PBXContainerItemProxy;
			containerPortal = 92BF138019CCB618009956DC /* Project object */;
			proxyType = 1;
			remoteGlobalIDString = 92BF138719CCB618009956DC;
			remoteInfo = GraphAnimation;
		};
/* End PBXContainerItemProxy section */

/* Begin PBXFileReference section */
		92BF138819CCB618009956DC /* GraphAnimation.app */ = {isa = PBXFileReference; explicitFileType = wrapper.application; includeInIndex = 0; path = GraphAnimation.app; sourceTree = BUILT_PRODUCTS_DIR; };
		92BF138C19CCB618009956DC /* Info.plist */ = {isa = PBXFileReference; lastKnownFileType = text.plist.xml; path = Info.plist; sourceTree = "<group>"; };
		92BF138D19CCB618009956DC /* AppDelegate.swift */ = {isa = PBXFileReference; lastKnownFileType = sourcecode.swift; path = AppDelegate.swift; sourceTree = "<group>"; };
		92BF138F19CCB618009956DC /* ViewController.swift */ = {isa = PBXFileReference; lastKnownFileType = sourcecode.swift; path = ViewController.swift; sourceTree = "<group>"; };
		92BF139219CCB618009956DC /* Base */ = {isa = PBXFileReference; lastKnownFileType = file.storyboard; name = Base; path = Base.lproj/Main.storyboard; sourceTree = "<group>"; };
		92BF139419CCB618009956DC /* Images.xcassets */ = {isa = PBXFileReference; lastKnownFileType = folder.assetcatalog; path = Images.xcassets; sourceTree = "<group>"; };
		92BF139719CCB618009956DC /* Base */ = {isa = PBXFileReference; lastKnownFileType = file.xib; name = Base; path = Base.lproj/LaunchScreen.xib; sourceTree = "<group>"; };
		92BF139D19CCB618009956DC /* GraphAnimationTests.xctest */ = {isa = PBXFileReference; explicitFileType = wrapper.cfbundle; includeInIndex = 0; path = GraphAnimationTests.xctest; sourceTree = BUILT_PRODUCTS_DIR; };
		92BF13A219CCB618009956DC /* Info.plist */ = {isa = PBXFileReference; lastKnownFileType = text.plist.xml; path = Info.plist; sourceTree = "<group>"; };
		92BF13A319CCB618009956DC /* GraphAnimationTests.swift */ = {isa = PBXFileReference; lastKnownFileType = sourcecode.swift; path = GraphAnimationTests.swift; sourceTree = "<group>"; };
		92BF13AE19CCB6B6009956DC /* BalanceGraph.swift */ = {isa = PBXFileReference; fileEncoding = 4; lastKnownFileType = sourcecode.swift; name = BalanceGraph.swift; path = BalanceGraph/BalanceGraph.swift; sourceTree = "<group>"; };
		92CA8C1C19DF17700014EC01 /* TT.swift */ = {isa = PBXFileReference; fileEncoding = 4; lastKnownFileType = sourcecode.swift; path = TT.swift; sourceTree = "<group>"; };
/* End PBXFileReference section */

/* Begin PBXFrameworksBuildPhase section */
		92BF138519CCB618009956DC /* Frameworks */ = {
			isa = PBXFrameworksBuildPhase;
			buildActionMask = 2147483647;
			files = (
			);
			runOnlyForDeploymentPostprocessing = 0;
		};
		92BF139A19CCB618009956DC /* Frameworks */ = {
			isa = PBXFrameworksBuildPhase;
			buildActionMask = 2147483647;
			files = (
			);
			runOnlyForDeploymentPostprocessing = 0;
		};
/* End PBXFrameworksBuildPhase section */

/* Begin PBXGroup section */
		92BF137F19CCB618009956DC = {
			isa = PBXGroup;
			children = (
				92BF138A19CCB618009956DC /* GraphAnimation */,
				92BF13A019CCB618009956DC /* GraphAnimationTests */,
				92BF138919CCB618009956DC /* Products */,
			);
			sourceTree = "<group>";
		};
		92BF138919CCB618009956DC /* Products */ = {
			isa = PBXGroup;
			children = (
				92BF138819CCB618009956DC /* GraphAnimation.app */,
				92BF139D19CCB618009956DC /* GraphAnimationTests.xctest */,
			);
			name = Products;
			sourceTree = "<group>";
		};
		92BF138A19CCB618009956DC /* GraphAnimation */ = {
			isa = PBXGroup;
			children = (
				92BF138D19CCB618009956DC /* AppDelegate.swift */,
				92BF138F19CCB618009956DC /* ViewController.swift */,
				92BF139119CCB618009956DC /* Main.storyboard */,
				92BF139419CCB618009956DC /* Images.xcassets */,
				92BF13AD19CCB690009956DC /* BalanceGraph */,
				92BF139619CCB618009956DC /* LaunchScreen.xib */,
				92BF138B19CCB618009956DC /* Supporting Files */,
			);
			path = GraphAnimation;
			sourceTree = "<group>";
		};
		92BF138B19CCB618009956DC /* Supporting Files */ = {
			isa = PBXGroup;
			children = (
				92BF138C19CCB618009956DC /* Info.plist */,
			);
			name = "Supporting Files";
			sourceTree = "<group>";
		};
		92BF13A019CCB618009956DC /* GraphAnimationTests */ = {
			isa = PBXGroup;
			children = (
				92BF13A319CCB618009956DC /* GraphAnimationTests.swift */,
				92BF13A119CCB618009956DC /* Supporting Files */,
			);
			path = GraphAnimationTests;
			sourceTree = "<group>";
		};
		92BF13A119CCB618009956DC /* Supporting Files */ = {
			isa = PBXGroup;
			children = (
				92BF13A219CCB618009956DC /* Info.plist */,
			);
			name = "Supporting Files";
			sourceTree = "<group>";
		};
		92BF13AD19CCB690009956DC /* BalanceGraph */ = {
			isa = PBXGroup;
			children = (
				92BF13AE19CCB6B6009956DC /* BalanceGraph.swift */,
				92CA8C1C19DF17700014EC01 /* TT.swift */,
			);
			name = BalanceGraph;
			sourceTree = "<group>";
		};
/* End PBXGroup section */

/* Begin PBXNativeTarget section */
		92BF138719CCB618009956DC /* GraphAnimation */ = {
			isa = PBXNativeTarget;
			buildConfigurationList = 92BF13A719CCB618009956DC /* Build configuration list for PBXNativeTarget "GraphAnimation" */;
			buildPhases = (
				92BF138419CCB618009956DC /* Sources */,
				92BF138519CCB618009956DC /* Frameworks */,
				92BF138619CCB618009956DC /* Resources */,
			);
			buildRules = (
			);
			dependencies = (
			);
			name = GraphAnimation;
			productName = GraphAnimation;
			productReference = 92BF138819CCB618009956DC /* GraphAnimation.app */;
			productType = "com.apple.product-type.application";
		};
		92BF139C19CCB618009956DC /* GraphAnimationTests */ = {
			isa = PBXNativeTarget;
			buildConfigurationList = 92BF13AA19CCB618009956DC /* Build configuration list for PBXNativeTarget "GraphAnimationTests" */;
			buildPhases = (
				92BF139919CCB618009956DC /* Sources */,
				92BF139A19CCB618009956DC /* Frameworks */,
				92BF139B19CCB618009956DC /* Resources */,
			);
			buildRules = (
			);
			dependencies = (
				92BF139F19CCB618009956DC /* PBXTargetDependency */,
			);
			name = GraphAnimationTests;
			productName = GraphAnimationTests;
			productReference = 92BF139D19CCB618009956DC /* GraphAnimationTests.xctest */;
			productType = "com.apple.product-type.bundle.unit-test";
		};
/* End PBXNativeTarget section */

/* Begin PBXProject section */
		92BF138019CCB618009956DC /* Project object */ = {
			isa = PBXProject;
			attributes = {
				LastUpgradeCheck = 0600;
				ORGANIZATIONNAME = Alex;
				TargetAttributes = {
					92BF138719CCB618009956DC = {
						CreatedOnToolsVersion = 6.0;
					};
					92BF139C19CCB618009956DC = {
						CreatedOnToolsVersion = 6.0;
						TestTargetID = 92BF138719CCB618009956DC;
					};
				};
			};
			buildConfigurationList = 92BF138319CCB618009956DC /* Build configuration list for PBXProject "GraphAnimation" */;
			compatibilityVersion = "Xcode 3.2";
			developmentRegion = English;
			hasScannedForEncodings = 0;
			knownRegions = (
				en,
				Base,
			);
			mainGroup = 92BF137F19CCB618009956DC;
			productRefGroup = 92BF138919CCB618009956DC /* Products */;
			projectDirPath = "";
			projectRoot = "";
			targets = (
				92BF138719CCB618009956DC /* GraphAnimation */,
				92BF139C19CCB618009956DC /* GraphAnimationTests */,
			);
		};
/* End PBXProject section */

/* Begin PBXResourcesBuildPhase section */
		92BF138619CCB618009956DC /* Resources */ = {
			isa = PBXResourcesBuildPhase;
			buildActionMask = 2147483647;
			files = (
				92BF139319CCB618009956DC /* Main.storyboard in Resources */,
				92BF139819CCB618009956DC /* LaunchScreen.xib in Resources */,
				92BF139519CCB618009956DC /* Images.xcassets in Resources */,
			);
			runOnlyForDeploymentPostprocessing = 0;
		};
		92BF139B19CCB618009956DC /* Resources */ = {
			isa = PBXResourcesBuildPhase;
			buildActionMask = 2147483647;
			files = (
			);
			runOnlyForDeploymentPostprocessing = 0;
		};
/* End PBXResourcesBuildPhase section */

/* Begin PBXSourcesBuildPhase section */
		92BF138419CCB618009956DC /* Sources */ = {
			isa = PBXSourcesBuildPhase;
			buildActionMask = 2147483647;
			files = (
				92BF13AF19CCB6B6009956DC /* BalanceGraph.swift in Sources */,
				92BF139019CCB618009956DC /* ViewController.swift in Sources */,
				92BF138E19CCB618009956DC /* AppDelegate.swift in Sources */,
				92CA8C1D19DF17700014EC01 /* TT.swift in Sources */,
			);
			runOnlyForDeploymentPostprocessing = 0;
		};
		92BF139919CCB618009956DC /* Sources */ = {
			isa = PBXSourcesBuildPhase;
			buildActionMask = 2147483647;
			files = (
				92BF13A419CCB618009956DC /* GraphAnimationTests.swift in Sources */,
			);
			runOnlyForDeploymentPostprocessing = 0;
		};
/* End PBXSourcesBuildPhase section */

/* Begin PBXTargetDependency section */
		92BF139F19CCB618009956DC /* PBXTargetDependency */ = {
			isa = PBXTargetDependency;
			target = 92BF138719CCB618009956DC /* GraphAnimation */;
			targetProxy = 92BF139E19CCB618009956DC /* PBXContainerItemProxy */;
		};
/* End PBXTargetDependency section */

/* Begin PBXVariantGroup section */
		92BF139119CCB618009956DC /* Main.storyboard */ = {
			isa = PBXVariantGroup;
			children = (
				92BF139219CCB618009956DC /* Base */,
			);
			name = Main.storyboard;
			sourceTree = "<group>";
		};
		92BF139619CCB618009956DC /* LaunchScreen.xib */ = {
			isa = PBXVariantGroup;
			children = (
				92BF139719CCB618009956DC /* Base */,
			);
			name = LaunchScreen.xib;
			sourceTree = "<group>";
		};
/* End PBXVariantGroup section */

/* Begin XCBuildConfiguration section */
		92BF13A519CCB618009956DC /* Debug */ = {
			isa = XCBuildConfiguration;
			buildSettings = {
				ALWAYS_SEARCH_USER_PATHS = NO;
				CLANG_CXX_LANGUAGE_STANDARD = "gnu++0x";
				CLANG_CXX_LIBRARY = "libc++";
				CLANG_ENABLE_MODULES = YES;
				CLANG_ENABLE_OBJC_ARC = YES;
				CLANG_WARN_BOOL_CONVERSION = YES;
				CLANG_WARN_CONSTANT_CONVERSION = YES;
				CLANG_WARN_DIRECT_OBJC_ISA_USAGE = YES_ERROR;
				CLANG_WARN_EMPTY_BODY = YES;
				CLANG_WARN_ENUM_CONVERSION = YES;
				CLANG_WARN_INT_CONVERSION = YES;
				CLANG_WARN_OBJC_ROOT_CLASS = YES_ERROR;
				CLANG_WARN_UNREACHABLE_CODE = YES;
				CLANG_WARN__DUPLICATE_METHOD_MATCH = YES;
				"CODE_SIGN_IDENTITY[sdk=iphoneos*]" = "iPhone Developer";
				COPY_PHASE_STRIP = NO;
				ENABLE_STRICT_OBJC_MSGSEND = YES;
				GCC_C_LANGUAGE_STANDARD = gnu99;
				GCC_DYNAMIC_NO_PIC = NO;
				GCC_OPTIMIZATION_LEVEL = 0;
				GCC_PREPROCESSOR_DEFINITIONS = (
					"DEBUG=1",
					"$(inherited)",
				);
				GCC_SYMBOLS_PRIVATE_EXTERN = NO;
				GCC_WARN_64_TO_32_BIT_CONVERSION = YES;
				GCC_WARN_ABOUT_RETURN_TYPE = YES_ERROR;
				GCC_WARN_UNDECLARED_SELECTOR = YES;
				GCC_WARN_UNINITIALIZED_AUTOS = YES_AGGRESSIVE;
				GCC_WARN_UNUSED_FUNCTION = YES;
				GCC_WARN_UNUSED_VARIABLE = YES;
				IPHONEOS_DEPLOYMENT_TARGET = 8.0;
				MTL_ENABLE_DEBUG_INFO = YES;
				ONLY_ACTIVE_ARCH = YES;
				SDKROOT = iphoneos;
				SWIFT_OPTIMIZATION_LEVEL = "-Onone";
				TARGETED_DEVICE_FAMILY = "1,2";
			};
			name = Debug;
		};
		92BF13A619CCB618009956DC /* Release */ = {
			isa = XCBuildConfiguration;
			buildSettings = {
				ALWAYS_SEARCH_USER_PATHS = NO;
				CLANG_CXX_LANGUAGE_STANDARD = "gnu++0x";
				CLANG_CXX_LIBRARY = "libc++";
				CLANG_ENABLE_MODULES = YES;
				CLANG_ENABLE_OBJC_ARC = YES;
				CLANG_WARN_BOOL_CONVERSION = YES;
				CLANG_WARN_CONSTANT_CONVERSION = YES;
				CLANG_WARN_DIRECT_OBJC_ISA_USAGE = YES_ERROR;
				CLANG_WARN_EMPTY_BODY = YES;
				CLANG_WARN_ENUM_CONVERSION = YES;
				CLANG_WARN_INT_CONVERSION = YES;
				CLANG_WARN_OBJC_ROOT_CLASS = YES_ERROR;
				CLANG_WARN_UNREACHABLE_CODE = YES;
				CLANG_WARN__DUPLICATE_METHOD_MATCH = YES;
				"CODE_SIGN_IDENTITY[sdk=iphoneos*]" = "iPhone Developer";
				COPY_PHASE_STRIP = YES;
				ENABLE_NS_ASSERTIONS = NO;
				ENABLE_STRICT_OBJC_MSGSEND = YES;
				GCC_C_LANGUAGE_STANDARD = gnu99;
				GCC_WARN_64_TO_32_BIT_CONVERSION = YES;
				GCC_WARN_ABOUT_RETURN_TYPE = YES_ERROR;
				GCC_WARN_UNDECLARED_SELECTOR = YES;
				GCC_WARN_UNINITIALIZED_AUTOS = YES_AGGRESSIVE;
				GCC_WARN_UNUSED_FUNCTION = YES;
				GCC_WARN_UNUSED_VARIABLE = YES;
				IPHONEOS_DEPLOYMENT_TARGET = 8.0;
				MTL_ENABLE_DEBUG_INFO = NO;
				SDKROOT = iphoneos;
				TARGETED_DEVICE_FAMILY = "1,2";
				VALIDATE_PRODUCT = YES;
			};
			name = Release;
		};
		92BF13A819CCB618009956DC /* Debug */ = {
			isa = XCBuildConfiguration;
			buildSettings = {
				ASSETCATALOG_COMPILER_APPICON_NAME = AppIcon;
				INFOPLIST_FILE = GraphAnimation/Info.plist;
				LD_RUNPATH_SEARCH_PATHS = "$(inherited) @executable_path/Frameworks";
				PRODUCT_NAME = "$(TARGET_NAME)";
			};
			name = Debug;
		};
		92BF13A919CCB618009956DC /* Release */ = {
			isa = XCBuildConfiguration;
			buildSettings = {
				ASSETCATALOG_COMPILER_APPICON_NAME = AppIcon;
				INFOPLIST_FILE = GraphAnimation/Info.plist;
				LD_RUNPATH_SEARCH_PATHS = "$(inherited) @executable_path/Frameworks";
				PRODUCT_NAME = "$(TARGET_NAME)";
			};
			name = Release;
		};
		92BF13AB19CCB618009956DC /* Debug */ = {
			isa = XCBuildConfiguration;
			buildSettings = {
				BUNDLE_LOADER = "$(TEST_HOST)";
				FRAMEWORK_SEARCH_PATHS = (
					"$(SDKROOT)/Developer/Library/Frameworks",
					"$(inherited)",
				);
				GCC_PREPROCESSOR_DEFINITIONS = (
					"DEBUG=1",
					"$(inherited)",
				);
				INFOPLIST_FILE = GraphAnimationTests/Info.plist;
				LD_RUNPATH_SEARCH_PATHS = "$(inherited) @executable_path/Frameworks @loader_path/Frameworks";
				PRODUCT_NAME = "$(TARGET_NAME)";
				TEST_HOST = "$(BUILT_PRODUCTS_DIR)/GraphAnimation.app/GraphAnimation";
			};
			name = Debug;
		};
		92BF13AC19CCB618009956DC /* Release */ = {
			isa = XCBuildConfiguration;
			buildSettings = {
				BUNDLE_LOADER = "$(TEST_HOST)";
				FRAMEWORK_SEARCH_PATHS = (
					"$(SDKROOT)/Developer/Library/Frameworks",
					"$(inherited)",
				);
				INFOPLIST_FILE = GraphAnimationTests/Info.plist;
				LD_RUNPATH_SEARCH_PATHS = "$(inherited) @executable_path/Frameworks @loader_path/Frameworks";
				PRODUCT_NAME = "$(TARGET_NAME)";
				TEST_HOST = "$(BUILT_PRODUCTS_DIR)/GraphAnimation.app/GraphAnimation";
			};
			name = Release;
		};
/* End XCBuildConfiguration section */

/* Begin XCConfigurationList section */
		92BF138319CCB618009956DC /* Build configuration list for PBXProject "GraphAnimation" */ = {
			isa = XCConfigurationList;
			buildConfigurations = (
				92BF13A519CCB618009956DC /* Debug */,
				92BF13A619CCB618009956DC /* Release */,
			);
			defaultConfigurationIsVisible = 0;
			defaultConfigurationName = Release;
		};
		92BF13A719CCB618009956DC /* Build configuration list for PBXNativeTarget "GraphAnimation" */ = {
			isa = XCConfigurationList;
			buildConfigurations = (
				92BF13A819CCB618009956DC /* Debug */,
				92BF13A919CCB618009956DC /* Release */,
			);
			defaultConfigurationIsVisible = 0;
			defaultConfigurationName = Release;
		};
		92BF13AA19CCB618009956DC /* Build configuration list for PBXNativeTarget "GraphAnimationTests" */ = {
			isa = XCConfigurationList;
			buildConfigurations = (
				92BF13AB19CCB618009956DC /* Debug */,
				92BF13AC19CCB618009956DC /* Release */,
			);
			defaultConfigurationIsVisible = 0;
			defaultConfigurationName = Release;
		};
/* End XCConfigurationList section */
	};
	rootObject = 92BF138019CCB618009956DC /* Project object */;
}
